
Microsoft Visual Studio Solution File, Format Version 12.00
# Visual Studio 2012
Project("{FAE04EC0-301F-11D3-BF4B-00C04F79EFBC}") = "AES256CBCTester", "AES256CBCTester.csproj", "{F4EBCDA8-8867-41F3-9069-239A78BD4989}"
EndProject
Project("{FAE04EC0-301F-11D3-BF4B-00C04F79EFBC}") = "SME", "..\..\SME\SME.csproj", "{CDC88908-F9B8-40CB-B746-86C8A4C1871B}"
EndProject
Project("{FAE04EC0-301F-11D3-BF4B-00C04F79EFBC}") = "SME.Render.VHDL", "..\..\SME.Render\VHDL\SME.Render.VHDL.csproj", "{66C80AC7-DDE3-4DF3-A6F4-D20D1412B644}"
EndProject
Project("{FAE04EC0-301F-11D3-BF4B-00C04F79EFBC}") = "SME.VHDLComponents", "..\..\SME.VHDLComponents\SME.VHDLComponents.csproj", "{5F8C5E91-D808-44C9-A911-CCB1FA17E510}"
EndProject
Project("{FAE04EC0-301F-11D3-BF4B-00C04F79EFBC}") = "AES256CBC", "AES256CBC\AES256CBC.csproj", "{F567A5CA-0E4F-4641-BB98-191933A2DBBB}"
EndProject
Global
	GlobalSection(SolutionConfigurationPlatforms) = preSolution
		Debug|Any CPU = Debug|Any CPU
		Release|Any CPU = Release|Any CPU
	EndGlobalSection
	GlobalSection(ProjectConfigurationPlatforms) = postSolution
		{5F8C5E91-D808-44C9-A911-CCB1FA17E510}.Debug|Any CPU.ActiveCfg = Debug|Any CPU
		{5F8C5E91-D808-44C9-A911-CCB1FA17E510}.Debug|Any CPU.Build.0 = Debug|Any CPU
		{5F8C5E91-D808-44C9-A911-CCB1FA17E510}.Release|Any CPU.ActiveCfg = Release|Any CPU
		{5F8C5E91-D808-44C9-A911-CCB1FA17E510}.Release|Any CPU.Build.0 = Release|Any CPU
		{66C80AC7-DDE3-4DF3-A6F4-D20D1412B644}.Debug|Any CPU.ActiveCfg = Debug|Any CPU
		{66C80AC7-DDE3-4DF3-A6F4-D20D1412B644}.Debug|Any CPU.Build.0 = Debug|Any CPU
		{66C80AC7-DDE3-4DF3-A6F4-D20D1412B644}.Release|Any CPU.ActiveCfg = Release|Any CPU
		{66C80AC7-DDE3-4DF3-A6F4-D20D1412B644}.Release|Any CPU.Build.0 = Release|Any CPU
		{CDC88908-F9B8-40CB-B746-86C8A4C1871B}.Debug|Any CPU.ActiveCfg = Debug|Any CPU
		{CDC88908-F9B8-40CB-B746-86C8A4C1871B}.Debug|Any CPU.Build.0 = Debug|Any CPU
		{CDC88908-F9B8-40CB-B746-86C8A4C1871B}.Release|Any CPU.ActiveCfg = Release|Any CPU
		{CDC88908-F9B8-40CB-B746-86C8A4C1871B}.Release|Any CPU.Build.0 = Release|Any CPU
		{F4EBCDA8-8867-41F3-9069-239A78BD4989}.Debug|Any CPU.ActiveCfg = Debug|Any CPU
		{F4EBCDA8-8867-41F3-9069-239A78BD4989}.Debug|Any CPU.Build.0 = Debug|Any CPU
		{F4EBCDA8-8867-41F3-9069-239A78BD4989}.Release|Any CPU.ActiveCfg = Release|Any CPU
		{F4EBCDA8-8867-41F3-9069-239A78BD4989}.Release|Any CPU.Build.0 = Release|Any CPU
		{F567A5CA-0E4F-4641-BB98-191933A2DBBB}.Debug|Any CPU.ActiveCfg = Debug|Any CPU
		{F567A5CA-0E4F-4641-BB98-191933A2DBBB}.Debug|Any CPU.Build.0 = Debug|Any CPU
		{F567A5CA-0E4F-4641-BB98-191933A2DBBB}.Release|Any CPU.ActiveCfg = Release|Any CPU
		{F567A5CA-0E4F-4641-BB98-191933A2DBBB}.Release|Any CPU.Build.0 = Release|Any CPU
	EndGlobalSection
EndGlobal
